Microsoft Visual Studio Solution File, Format Version 12.00
# Visual Studio Version 17
VisualStudioVersion = 17.5.2.0
MinimumVisualStudioVersion = 10.0.40219.1
Project("{2150E333-8FDC-42A3-9474-1A3956D46DE8}") = "assignment1", "assignment1", "{30058A4A-2377-4856-4EFF-8268239A08B0}"
EndProject
Project("{2150E333-8FDC-42A3-9474-1A3956D46DE8}") = "src", "src", "{CAD1D740-0C49-BC70-F188-F1547690E6B1}"
EndProject
Project("{FAE04EC0-301F-11D3-BF4B-00C04F79EFBC}") = "Assignment1", "assignment1\src\Assignment1\Assignment1.csproj", "{22EBF596-EA3B-A61E-64C1-A1AB66082A6A}"
EndProject
Global
	GlobalSection(SolutionConfigurationPlatforms) = preSolution
		Debug|Any CPU = Debug|Any CPU
		Release|Any CPU = Release|Any CPU
	EndGlobalSection
	GlobalSection(ProjectConfigurationPlatforms) = postSolution
		{22EBF596-EA3B-A61E-64C1-A1AB66082A6A}.Debug|Any CPU.ActiveCfg = Debug|Any CPU
		{22EBF596-EA3B-A61E-64C1-A1AB66082A6A}.Debug|Any CPU.Build.0 = Debug|Any CPU
		{22EBF596-EA3B-A61E-64C1-A1AB66082A6A}.Release|Any CPU.ActiveCfg = Release|Any CPU
		{22EBF596-EA3B-A61E-64C1-A1AB66082A6A}.Release|Any CPU.Build.0 = Release|Any CPU
	EndGlobalSection
	GlobalSection(SolutionProperties) = preSolution
		HideSolutionNode = FALSE
	EndGlobalSection
	GlobalSection(NestedProjects) = preSolution
		{CAD1D740-0C49-BC70-F188-F1547690E6B1} = {30058A4A-2377-4856-4EFF-8268239A08B0}
		{22EBF596-EA3B-A61E-64C1-A1AB66082A6A} = {CAD1D740-0C49-BC70-F188-F1547690E6B1}
	EndGlobalSection
	GlobalSection(ExtensibilityGlobals) = postSolution
		SolutionGuid = {B8430E56-96EC-48F8-9609-655882D55E33}
	EndGlobalSection
EndGlobal
